
Microsoft Visual Studio Solution File, Format Version 12.00
# Visual Studio Version 17
VisualStudioVersion = 17.3.32804.467
MinimumVisualStudioVersion = 10.0.40219.1
Project("{FAE04EC0-301F-11D3-BF4B-00C04F79EFBC}") = "GenerischeTypen", "GenerischeTypen\GenerischeTypen.csproj", "{F449B69D-51AD-4A8F-A24A-A1B60DAED7FC}"
EndProject
Global
	GlobalSection(SolutionConfigurationPlatforms) = preSolution
		Debug|Any CPU = Debug|Any CPU
		Release|Any CPU = Release|Any CPU
	EndGlobalSection
	GlobalSection(ProjectConfigurationPlatforms) = postSolution
		{F449B69D-51AD-4A8F-A24A-A1B60DAED7FC}.Debug|Any CPU.ActiveCfg = Debug|Any CPU
		{F449B69D-51AD-4A8F-A24A-A1B60DAED7FC}.Debug|Any CPU.Build.0 = Debug|Any CPU
		{F449B69D-51AD-4A8F-A24A-A1B60DAED7FC}.Release|Any CPU.ActiveCfg = Release|Any CPU
		{F449B69D-51AD-4A8F-A24A-A1B60DAED7FC}.Release|Any CPU.Build.0 = Release|Any CPU
	EndGlobalSection
	GlobalSection(SolutionProperties) = preSolution
		HideSolutionNode = FALSE
	EndGlobalSection
	GlobalSection(ExtensibilityGlobals) = postSolution
		SolutionGuid = {6D96DB39-9478-4EC9-B19D-4744BD48356D}
	EndGlobalSection
EndGlobal
